
Microsoft Visual Studio Solution File, Format Version 12.00
# Visual Studio Version 16
VisualStudioVersion = 16.0.31410.357
MinimumVisualStudioVersion = 10.0.40219.1
Project("{FAE04EC0-301F-11D3-BF4B-00C04F79EFBC}") = "ConsoleApp4", "ConsoleApp4.csproj", "{87D47B20-EC06-44FB-B0D1-3FADA1B9E8E0}"
EndProject
Project("{FAE04EC0-301F-11D3-BF4B-00C04F79EFBC}") = "ConsoleApp4.Tests", "..\ConsoleApp4.Tests\ConsoleApp4.Tests.csproj", "{3A9D91F0-9EA0-4D70-8446-57A1DC846271}"
EndProject
Global
	GlobalSection(SolutionConfigurationPlatforms) = preSolution
		Debug|Any CPU = Debug|Any CPU
		Release|Any CPU = Release|Any CPU
	EndGlobalSection
	GlobalSection(ProjectConfigurationPlatforms) = postSolution
		{87D47B20-EC06-44FB-B0D1-3FADA1B9E8E0}.Debug|Any CPU.ActiveCfg = Debug|Any CPU
		{87D47B20-EC06-44FB-B0D1-3FADA1B9E8E0}.Debug|Any CPU.Build.0 = Debug|Any CPU
		{87D47B20-EC06-44FB-B0D1-3FADA1B9E8E0}.Release|Any CPU.ActiveCfg = Release|Any CPU
		{87D47B20-EC06-44FB-B0D1-3FADA1B9E8E0}.Release|Any CPU.Build.0 = Release|Any CPU
		{3A9D91F0-9EA0-4D70-8446-57A1DC846271}.Debug|Any CPU.ActiveCfg = Debug|Any CPU
		{3A9D91F0-9EA0-4D70-8446-57A1DC846271}.Debug|Any CPU.Build.0 = Debug|Any CPU
		{3A9D91F0-9EA0-4D70-8446-57A1DC846271}.Release|Any CPU.ActiveCfg = Release|Any CPU
		{3A9D91F0-9EA0-4D70-8446-57A1DC846271}.Release|Any CPU.Build.0 = Release|Any CPU
	EndGlobalSection
	GlobalSection(SolutionProperties) = preSolution
		HideSolutionNode = FALSE
	EndGlobalSection
	GlobalSection(ExtensibilityGlobals) = postSolution
		SolutionGuid = {7EFB9D9E-A1A9-45F0-988F-29A7922E3DDE}
	EndGlobalSection
EndGlobal
